
Microsoft Visual Studio Solution File, Format Version 12.00
# Visual Studio Version 17
VisualStudioVersion = 17.11.35222.181
MinimumVisualStudioVersion = 10.0.40219.1
Project("{FAE04EC0-301F-11D3-BF4B-00C04F79EFBC}") = "GuitarDesktopApp", "GuitarDesktopApp.csproj", "{D3E3B556-AEC6-463F-9D6C-6D1957DC7357}"
EndProject
Global
	GlobalSection(SolutionConfigurationPlatforms) = preSolution
		Debug|Any CPU = Debug|Any CPU
		Release|Any CPU = Release|Any CPU
	EndGlobalSection
	GlobalSection(ProjectConfigurationPlatforms) = postSolution
		{D3E3B556-AEC6-463F-9D6C-6D1957DC7357}.Debug|Any CPU.ActiveCfg = Debug|Any CPU
		{D3E3B556-AEC6-463F-9D6C-6D1957DC7357}.Debug|Any CPU.Build.0 = Debug|Any CPU
		{D3E3B556-AEC6-463F-9D6C-6D1957DC7357}.Release|Any CPU.ActiveCfg = Release|Any CPU
		{D3E3B556-AEC6-463F-9D6C-6D1957DC7357}.Release|Any CPU.Build.0 = Release|Any CPU
	EndGlobalSection
	GlobalSection(SolutionProperties) = preSolution
		HideSolutionNode = FALSE
	EndGlobalSection
	GlobalSection(ExtensibilityGlobals) = postSolution
		SolutionGuid = {32C7D6BF-7575-4045-847F-8A86C6EDA7FD}
	EndGlobalSection
EndGlobal
